github.com/ProgrammerZamanNow/go-say-hello v1.5.0 h1:7a6xV2SstZqmz8HLsNe6KLexrHS0v5Kjj3nlwOzpr/M=
github.com/ProgrammerZamanNow/go-say-hello v1.5.0/go.mod h1:EJJc0H76IhGloHvTvX9ym5EZsGShP2Sf+oeTQGWkzdQ=
github.com/ProgrammerZamanNow/go-say-hello/v2 v2.0.0 h1:7gOWc+nhHXWt2NNcgaf10tukVd+Q3593ORBHUY7HKw0=
github.com/ProgrammerZamanNow/go-say-hello/v2 v2.0.0/go.mod h1:hgewElIxP/zZUPki93yQN+Lom11iOnrHFgfcw1pI+J8=
github.com/awahids/go-say-hello v0.11.0 h1:0gV914LjoKfHVaCO19ZetQBP5s5V5LUeOMhvsIcbVm8=
github.com/awahids/go-say-hello v0.11.0/go.mod h1:w/pZZbzrXhHW5Wx40ASCRAjs0HlgbXXoTPIcwUL5wl0=
github.com/awahids/go-say-hello/v2 v2.0.0 h1:GlE+b29yd52w0y949mzLEZWbhlmJGWNz9gxC7w7Pvu4=
github.com/awahids/go-say-hello/v2 v2.0.0/go.mod h1:pmAMjyjxL6c0bUB0rw5b/yIfUb/T3UVIZqpPgUFJiKI=
